
Microsoft Visual Studio Solution File, Format Version 12.00
# Visual Studio Version 17
VisualStudioVersion = 17.14.37411.7
MinimumVisualStudioVersion = 10.0.40219.1
Project("{2150E333-8FDC-42A3-9474-1A3956D46DE8}") = "Services", "Services", "{02EA681E-C7D8-13C7-8484-4AC65E1B71E8}"
EndProject
Project("{2150E333-8FDC-42A3-9474-1A3956D46DE8}") = "Catalog", "Catalog", "{E3010C71-6CA6-4CAD-83E2-0D51BA4F6417}"
EndProject
Project("{FAE04EC0-301F-11D3-BF4B-00C04F79EFBC}") = "MultiShop.Catalog", "Services\Catalog\MultiShop.Catalog\MultiShop.Catalog.csproj", "{A740E261-CF53-456C-AD0B-48071CD5DB57}"
EndProject
Project("{2150E333-8FDC-42A3-9474-1A3956D46DE8}") = "Discount", "Discount", "{EBE947ED-20CC-4915-A093-2F21A6FF33FC}"
EndProject
Project("{FAE04EC0-301F-11D3-BF4B-00C04F79EFBC}") = "MultiShop.Discount", "Services\Discount\MultiShop.Discount\MultiShop.Discount.csproj", "{52740B6B-25C5-461D-A82E-C624B0D8D8DF}"
EndProject
Project("{2150E333-8FDC-42A3-9474-1A3956D46DE8}") = "Order", "Order", "{E1387750-DA7A-4EFE-8A72-77A550DEBA18}"
EndProject
Project("{2150E333-8FDC-42A3-9474-1A3956D46DE8}") = "Core", "Core", "{84885342-A9B0-4488-B5BE-F9D81C743BF1}"
EndProject
Project("{2150E333-8FDC-42A3-9474-1A3956D46DE8}") = "Infrastructure", "Infrastructure", "{69F74F19-9D6F-4E60-801C-5151622DFE96}"
EndProject
Project("{2150E333-8FDC-42A3-9474-1A3956D46DE8}") = "Presention", "Presention", "{81E4829B-30B9-456A-A329-BCE0B8187435}"
EndProject
Project("{FAE04EC0-301F-11D3-BF4B-00C04F79EFBC}") = "MultiShop.Order.Domain", "Services\Order\Core\MultiShop.Order.Domain\MultiShop.Order.Domain.csproj", "{BB4D7E2D-8D5E-4AAD-9EF7-AEE00C4A0936}"
EndProject
Project("{FAE04EC0-301F-11D3-BF4B-00C04F79EFBC}") = "MultiShop.Order.Application", "Services\Order\Core\MultiShop.Order.Application\MultiShop.Order.Application.csproj", "{3C89D8CD-7057-4BDB-AA08-65963914FBAB}"
EndProject
Project("{FAE04EC0-301F-11D3-BF4B-00C04F79EFBC}") = "MultiShop.Order.Infrastructure", "Services\Order\Core\MultiShop.Order.Infrastructure\MultiShop.Order.Infrastructure.csproj", "{3C275516-966C-4C48-8C3A-6129FB41EBE9}"
EndProject
Project("{FAE04EC0-301F-11D3-BF4B-00C04F79EFBC}") = "MultiShop.Order.Presention", "Services\Order\Presention\MultiShop.Order.Presention\MultiShop.Order.Presention.csproj", "{CD5E6DA6-A84F-4D40-A332-C1712DDD7504}"
EndProject
Project("{2150E333-8FDC-42A3-9474-1A3956D46DE8}") = "IdentityServer", "IdentityServer", "{E9A9C8E9-0274-F9D7-7352-2F6A2CAEC9A3}"
EndProject
Project("{FAE04EC0-301F-11D3-BF4B-00C04F79EFBC}") = "MultiShop.IdentityServer", "IdentityServer\MultiShop.IdentityServer\MultiShop.IdentityServer.csproj", "{6B6D932A-1CA3-4CCD-8295-42B40D1FE508}"
EndProject
Project("{2150E333-8FDC-42A3-9474-1A3956D46DE8}") = "Cargo", "Cargo", "{5C25F382-478E-46C8-B200-23D09397DAA0}"
EndProject
Project("{FAE04EC0-301F-11D3-BF4B-00C04F79EFBC}") = "MultiShop.Cargo.BusinessLayer", "Services\Cargo\MultiShop.Cargo.BusinessLayer\MultiShop.Cargo.BusinessLayer.csproj", "{B61BCD4B-CDC2-42A6-A0E0-BCDB8E17C89F}"
EndProject
Project("{FAE04EC0-301F-11D3-BF4B-00C04F79EFBC}") = "MultiShop.Cargo.DataAccessLayer", "Services\Cargo\MultiShop.Cargo.DataAccessLayer\MultiShop.Cargo.DataAccessLayer.csproj", "{30532D61-D826-40D4-A392-CD5161BE3B31}"
EndProject
Project("{FAE04EC0-301F-11D3-BF4B-00C04F79EFBC}") = "MultiShop.Cargo.DtoLayer", "Services\Cargo\MultiShop.Cargo.DtoLayer\MultiShop.Cargo.DtoLayer.csproj", "{38940946-98EB-42D7-BF83-D48FDC7D2073}"
EndProject
Project("{FAE04EC0-301F-11D3-BF4B-00C04F79EFBC}") = "MultiShop.Cargo.EntityLayer", "Services\Cargo\MultiShop.Cargo.EntityLayer\MultiShop.Cargo.EntityLayer.csproj", "{96BA0850-7A8F-4EDD-8A5E-CC5C8A6F051D}"
EndProject
Project("{FAE04EC0-301F-11D3-BF4B-00C04F79EFBC}") = "MultiShop.Cargo.WebApi", "Services\Cargo\MultiShop.Cargo.WebApi\MultiShop.Cargo.WebApi.csproj", "{DD32D825-D810-49D4-9804-FC4A2587B902}"
EndProject
Project("{2150E333-8FDC-42A3-9474-1A3956D46DE8}") = "Basket", "Basket", "{E963F7BA-6F51-455C-B325-A4759EA42C2F}"
EndProject
Project("{FAE04EC0-301F-11D3-BF4B-00C04F79EFBC}") = "MultiShop.Basket", "Services\Basket\MultiShop.Basket\MultiShop.Basket.csproj", "{755D4799-0E0D-4200-B5E9-A3BCD66E66DD}"
EndProject
Project("{2150E333-8FDC-42A3-9474-1A3956D46DE8}") = "Frontend", "Frontend", "{4F4E258A-0EE3-4142-832A-A473CA3356B1}"
EndProject
Project("{FAE04EC0-301F-11D3-BF4B-00C04F79EFBC}") = "MultiShop.WebUI", "Frontends\MultiShop.WebUI\MultiShop.WebUI.csproj", "{6A4D251B-0382-418C-A567-B8D2484CE7C5}"
EndProject
Global
	GlobalSection(SolutionConfigurationPlatforms) = preSolution
		Debug|Any CPU = Debug|Any CPU
		Debug|x64 = Debug|x64
		Debug|x86 = Debug|x86
		Release|Any CPU = Release|Any CPU
		Release|x64 = Release|x64
		Release|x86 = Release|x86
	EndGlobalSection
	GlobalSection(ProjectConfigurationPlatforms) = postSolution
		{A740E261-CF53-456C-AD0B-48071CD5DB57}.Debug|Any CPU.ActiveCfg = Debug|Any CPU
		{A740E261-CF53-456C-AD0B-48071CD5DB57}.Debug|Any CPU.Build.0 = Debug|Any CPU
		{A740E261-CF53-456C-AD0B-48071CD5DB57}.Debug|x64.ActiveCfg = Debug|Any CPU
		{A740E261-CF53-456C-AD0B-48071CD5DB57}.Debug|x64.Build.0 = Debug|Any CPU
		{A740E261-CF53-456C-AD0B-48071CD5DB57}.Debug|x86.ActiveCfg = Debug|Any CPU
		{A740E261-CF53-456C-AD0B-48071CD5DB57}.Debug|x86.Build.0 = Debug|Any CPU
		{A740E261-CF53-456C-AD0B-48071CD5DB57}.Release|Any CPU.ActiveCfg = Release|Any CPU
		{A740E261-CF53-456C-AD0B-48071CD5DB57}.Release|Any CPU.Build.0 = Release|Any CPU
		{A740E261-CF53-456C-AD0B-48071CD5DB57}.Release|x64.ActiveCfg = Release|Any CPU
		{A740E261-CF53-456C-AD0B-48071CD5DB57}.Release|x64.Build.0 = Release|Any CPU
		{A740E261-CF53-456C-AD0B-48071CD5DB57}.Release|x86.ActiveCfg = Release|Any CPU
		{A740E261-CF53-456C-AD0B-48071CD5DB57}.Release|x86.Build.0 = Release|Any CPU
		{52740B6B-25C5-461D-A82E-C624B0D8D8DF}.Debug|Any CPU.ActiveCfg = Debug|Any CPU
		{52740B6B-25C5-461D-A82E-C624B0D8D8DF}.Debug|Any CPU.Build.0 = Debug|Any CPU
		{52740B6B-25C5-461D-A82E-C624B0D8D8DF}.Debug|x64.ActiveCfg = Debug|Any CPU
		{52740B6B-25C5-461D-A82E-C624B0D8D8DF}.Debug|x64.Build.0 = Debug|Any CPU
		{52740B6B-25C5-461D-A82E-C624B0D8D8DF}.Debug|x86.ActiveCfg = Debug|Any CPU
		{52740B6B-25C5-461D-A82E-C624B0D8D8DF}.Debug|x86.Build.0 = Debug|Any CPU
		{52740B6B-25C5-461D-A82E-C624B0D8D8DF}.Release|Any CPU.ActiveCfg = Release|Any CPU
		{52740B6B-25C5-461D-A82E-C624B0D8D8DF}.Release|Any CPU.Build.0 = Release|Any CPU
		{52740B6B-25C5-461D-A82E-C624B0D8D8DF}.Release|x64.ActiveCfg = Release|Any CPU
		{52740B6B-25C5-461D-A82E-C624B0D8D8DF}.Release|x64.Build.0 = Release|Any CPU
		{52740B6B-25C5-461D-A82E-C624B0D8D8DF}.Release|x86.ActiveCfg = Release|Any CPU
		{52740B6B-25C5-461D-A82E-C624B0D8D8DF}.Release|x86.Build.0 = Release|Any CPU
		{BB4D7E2D-8D5E-4AAD-9EF7-AEE00C4A0936}.Debug|Any CPU.ActiveCfg = Debug|Any CPU
		{BB4D7E2D-8D5E-4AAD-9EF7-AEE00C4A0936}.Debug|Any CPU.Build.0 = Debug|Any CPU
		{BB4D7E2D-8D5E-4AAD-9EF7-AEE00C4A0936}.Debug|x64.ActiveCfg = Debug|Any CPU
		{BB4D7E2D-8D5E-4AAD-9EF7-AEE00C4A0936}.Debug|x64.Build.0 = Debug|Any CPU
		{BB4D7E2D-8D5E-4AAD-9EF7-AEE00C4A0936}.Debug|x86.ActiveCfg = Debug|Any CPU
		{BB4D7E2D-8D5E-4AAD-9EF7-AEE00C4A0936}.Debug|x86.Build.0 = Debug|Any CPU
		{BB4D7E2D-8D5E-4AAD-9EF7-AEE00C4A0936}.Release|Any CPU.ActiveCfg = Release|Any CPU
		{BB4D7E2D-8D5E-4AAD-9EF7-AEE00C4A0936}.Release|Any CPU.Build.0 = Release|Any CPU
		{BB4D7E2D-8D5E-4AAD-9EF7-AEE00C4A0936}.Release|x64.ActiveCfg = Release|Any CPU
		{BB4D7E2D-8D5E-4AAD-9EF7-AEE00C4A0936}.Release|x64.Build.0 = Release|Any CPU
		{BB4D7E2D-8D5E-4AAD-9EF7-AEE00C4A0936}.Release|x86.ActiveCfg = Release|Any CPU
		{BB4D7E2D-8D5E-4AAD-9EF7-AEE00C4A0936}.Release|x86.Build.0 = Release|Any CPU
		{3C89D8CD-7057-4BDB-AA08-65963914FBAB}.Debug|Any CPU.ActiveCfg = Debug|Any CPU
		{3C89D8CD-7057-4BDB-AA08-65963914FBAB}.Debug|Any CPU.Build.0 = Debug|Any CPU
		{3C89D8CD-7057-4BDB-AA08-65963914FBAB}.Debug|x64.ActiveCfg = Debug|Any CPU
		{3C89D8CD-7057-4BDB-AA08-65963914FBAB}.Debug|x64.Build.0 = Debug|Any CPU
		{3C89D8CD-7057-4BDB-AA08-65963914FBAB}.Debug|x86.ActiveCfg = Debug|Any CPU
		{3C89D8CD-7057-4BDB-AA08-65963914FBAB}.Debug|x86.Build.0 = Debug|Any CPU
		{3C89D8CD-7057-4BDB-AA08-65963914FBAB}.Release|Any CPU.ActiveCfg = Release|Any CPU
		{3C89D8CD-7057-4BDB-AA08-65963914FBAB}.Release|Any CPU.Build.0 = Release|Any CPU
		{3C89D8CD-7057-4BDB-AA08-65963914FBAB}.Release|x64.ActiveCfg = Release|Any CPU
		{3C89D8CD-7057-4BDB-AA08-65963914FBAB}.Release|x64.Build.0 = Release|Any CPU
		{3C89D8CD-7057-4BDB-AA08-65963914FBAB}.Release|x86.ActiveCfg = Release|Any CPU
		{3C89D8CD-7057-4BDB-AA08-65963914FBAB}.Release|x86.Build.0 = Release|Any CPU
		{3C275516-966C-4C48-8C3A-6129FB41EBE9}.Debug|Any CPU.ActiveCfg = Debug|Any CPU
		{3C275516-966C-4C48-8C3A-6129FB41EBE9}.Debug|Any CPU.Build.0 = Debug|Any CPU
		{3C275516-966C-4C48-8C3A-6129FB41EBE9}.Debug|x64.ActiveCfg = Debug|Any CPU
		{3C275516-966C-4C48-8C3A-6129FB41EBE9}.Debug|x64.Build.0 = Debug|Any CPU
		{3C275516-966C-4C48-8C3A-6129FB41EBE9}.Debug|x86.ActiveCfg = Debug|Any CPU
		{3C275516-966C-4C48-8C3A-6129FB41EBE9}.Debug|x86.Build.0 = Debug|Any CPU
		{3C275516-966C-4C48-8C3A-6129FB41EBE9}.Release|Any CPU.ActiveCfg = Release|Any CPU
		{3C275516-966C-4C48-8C3A-6129FB41EBE9}.Release|Any CPU.Build.0 = Release|Any CPU
		{3C275516-966C-4C48-8C3A-6129FB41EBE9}.Release|x64.ActiveCfg = Release|Any CPU
		{3C275516-966C-4C48-8C3A-6129FB41EBE9}.Release|x64.Build.0 = Release|Any CPU
		{3C275516-966C-4C48-8C3A-6129FB41EBE9}.Release|x86.ActiveCfg = Release|Any CPU
		{3C275516-966C-4C48-8C3A-6129FB41EBE9}.Release|x86.Build.0 = Release|Any CPU
		{CD5E6DA6-A84F-4D40-A332-C1712DDD7504}.Debug|Any CPU.ActiveCfg = Debug|Any CPU
		{CD5E6DA6-A84F-4D40-A332-C1712DDD7504}.Debug|Any CPU.Build.0 = Debug|Any CPU
		{CD5E6DA6-A84F-4D40-A332-C1712DDD7504}.Debug|x64.ActiveCfg = Debug|Any CPU
		{CD5E6DA6-A84F-4D40-A332-C1712DDD7504}.Debug|x64.Build.0 = Debug|Any CPU
		{CD5E6DA6-A84F-4D40-A332-C1712DDD7504}.Debug|x86.ActiveCfg = Debug|Any CPU
		{CD5E6DA6-A84F-4D40-A332-C1712DDD7504}.Debug|x86.Build.0 = Debug|Any CPU
		{CD5E6DA6-A84F-4D40-A332-C1712DDD7504}.Release|Any CPU.ActiveCfg = Release|Any CPU
		{CD5E6DA6-A84F-4D40-A332-C1712DDD7504}.Release|Any CPU.Build.0 = Release|Any CPU
		{CD5E6DA6-A84F-4D40-A332-C1712DDD7504}.Release|x64.ActiveCfg = Release|Any CPU
		{CD5E6DA6-A84F-4D40-A332-C1712DDD7504}.Release|x64.Build.0 = Release|Any CPU
		{CD5E6DA6-A84F-4D40-A332-C1712DDD7504}.Release|x86.ActiveCfg = Release|Any CPU
		{CD5E6DA6-A84F-4D40-A332-C1712DDD7504}.Release|x86.Build.0 = Release|Any CPU
		{6B6D932A-1CA3-4CCD-8295-42B40D1FE508}.Debug|Any CPU.ActiveCfg = Debug|Any CPU
		{6B6D932A-1CA3-4CCD-8295-42B40D1FE508}.Debug|Any CPU.Build.0 = Debug|Any CPU
		{6B6D932A-1CA3-4CCD-8295-42B40D1FE508}.Debug|x64.ActiveCfg = Debug|Any CPU
		{6B6D932A-1CA3-4CCD-8295-42B40D1FE508}.Debug|x64.Build.0 = Debug|Any CPU
		{6B6D932A-1CA3-4CCD-8295-42B40D1FE508}.Debug|x86.ActiveCfg = Debug|Any CPU
		{6B6D932A-1CA3-4CCD-8295-42B40D1FE508}.Debug|x86.Build.0 = Debug|Any CPU
		{6B6D932A-1CA3-4CCD-8295-42B40D1FE508}.Release|Any CPU.ActiveCfg = Release|Any CPU
		{6B6D932A-1CA3-4CCD-8295-42B40D1FE508}.Release|Any CPU.Build.0 = Release|Any CPU
		{6B6D932A-1CA3-4CCD-8295-42B40D1FE508}.Release|x64.ActiveCfg = Release|Any CPU
		{6B6D932A-1CA3-4CCD-8295-42B40D1FE508}.Release|x64.Build.0 = Release|Any CPU
		{6B6D932A-1CA3-4CCD-8295-42B40D1FE508}.Release|x86.ActiveCfg = Release|Any CPU
		{6B6D932A-1CA3-4CCD-8295-42B40D1FE508}.Release|x86.Build.0 = Release|Any CPU
		{B61BCD4B-CDC2-42A6-A0E0-BCDB8E17C89F}.Debug|Any CPU.ActiveCfg = Debug|Any CPU
		{B61BCD4B-CDC2-42A6-A0E0-BCDB8E17C89F}.Debug|Any CPU.Build.0 = Debug|Any CPU
		{B61BCD4B-CDC2-42A6-A0E0-BCDB8E17C89F}.Debug|x64.ActiveCfg = Debug|Any CPU
		{B61BCD4B-CDC2-42A6-A0E0-BCDB8E17C89F}.Debug|x64.Build.0 = Debug|Any CPU
		{B61BCD4B-CDC2-42A6-A0E0-BCDB8E17C89F}.Debug|x86.ActiveCfg = Debug|Any CPU
		{B61BCD4B-CDC2-42A6-A0E0-BCDB8E17C89F}.Debug|x86.Build.0 = Debug|Any CPU
		{B61BCD4B-CDC2-42A6-A0E0-BCDB8E17C89F}.Release|Any CPU.ActiveCfg = Release|Any CPU
		{B61BCD4B-CDC2-42A6-A0E0-BCDB8E17C89F}.Release|Any CPU.Build.0 = Release|Any CPU
		{B61BCD4B-CDC2-42A6-A0E0-BCDB8E17C89F}.Release|x64.ActiveCfg = Release|Any CPU
		{B61BCD4B-CDC2-42A6-A0E0-BCDB8E17C89F}.Release|x64.Build.0 = Release|Any CPU
		{B61BCD4B-CDC2-42A6-A0E0-BCDB8E17C89F}.Release|x86.ActiveCfg = Release|Any CPU
		{B61BCD4B-CDC2-42A6-A0E0-BCDB8E17C89F}.Release|x86.Build.0 = Release|Any CPU
		{30532D61-D826-40D4-A392-CD5161BE3B31}.Debug|Any CPU.ActiveCfg = Debug|Any CPU
		{30532D61-D826-40D4-A392-CD5161BE3B31}.Debug|Any CPU.Build.0 = Debug|Any CPU
		{30532D61-D826-40D4-A392-CD5161BE3B31}.Debug|x64.ActiveCfg = Debug|Any CPU
		{30532D61-D826-40D4-A392-CD5161BE3B31}.Debug|x64.Build.0 = Debug|Any CPU
		{30532D61-D826-40D4-A392-CD5161BE3B31}.Debug|x86.ActiveCfg = Debug|Any CPU
		{30532D61-D826-40D4-A392-CD5161BE3B31}.Debug|x86.Build.0 = Debug|Any CPU
		{30532D61-D826-40D4-A392-CD5161BE3B31}.Release|Any CPU.ActiveCfg = Release|Any CPU
		{30532D61-D826-40D4-A392-CD5161BE3B31}.Release|Any CPU.Build.0 = Release|Any CPU
		{30532D61-D826-40D4-A392-CD5161BE3B31}.Release|x64.ActiveCfg = Release|Any CPU
		{30532D61-D826-40D4-A392-CD5161BE3B31}.Release|x64.Build.0 = Release|Any CPU
		{30532D61-D826-40D4-A392-CD5161BE3B31}.Release|x86.ActiveCfg = Release|Any CPU
		{30532D61-D826-40D4-A392-CD5161BE3B31}.Release|x86.Build.0 = Release|Any CPU
		{38940946-98EB-42D7-BF83-D48FDC7D2073}.Debug|Any CPU.ActiveCfg = Debug|Any CPU
		{38940946-98EB-42D7-BF83-D48FDC7D2073}.Debug|Any CPU.Build.0 = Debug|Any CPU
		{38940946-98EB-42D7-BF83-D48FDC7D2073}.Debug|x64.ActiveCfg = Debug|Any CPU
		{38940946-98EB-42D7-BF83-D48FDC7D2073}.Debug|x64.Build.0 = Debug|Any CPU
		{38940946-98EB-42D7-BF83-D48FDC7D2073}.Debug|x86.ActiveCfg = Debug|Any CPU
		{38940946-98EB-42D7-BF83-D48FDC7D2073}.Debug|x86.Build.0 = Debug|Any CPU
		{38940946-98EB-42D7-BF83-D48FDC7D2073}.Release|Any CPU.ActiveCfg = Release|Any CPU
		{38940946-98EB-42D7-BF83-D48FDC7D2073}.Release|Any CPU.Build.0 = Release|Any CPU
		{38940946-98EB-42D7-BF83-D48FDC7D2073}.Release|x64.ActiveCfg = Release|Any CPU
		{38940946-98EB-42D7-BF83-D48FDC7D2073}.Release|x64.Build.0 = Release|Any CPU
		{38940946-98EB-42D7-BF83-D48FDC7D2073}.Release|x86.ActiveCfg = Release|Any CPU
		{38940946-98EB-42D7-BF83-D48FDC7D2073}.Release|x86.Build.0 = Release|Any CPU
		{96BA0850-7A8F-4EDD-8A5E-CC5C8A6F051D}.Debug|Any CPU.ActiveCfg = Debug|Any CPU
		{96BA0850-7A8F-4EDD-8A5E-CC5C8A6F051D}.Debug|Any CPU.Build.0 = Debug|Any CPU
		{96BA0850-7A8F-4EDD-8A5E-CC5C8A6F051D}.Debug|x64.ActiveCfg = Debug|Any CPU
		{96BA0850-7A8F-4EDD-8A5E-CC5C8A6F051D}.Debug|x64.Build.0 = Debug|Any CPU
		{96BA0850-7A8F-4EDD-8A5E-CC5C8A6F051D}.Debug|x86.ActiveCfg = Debug|Any CPU
		{96BA0850-7A8F-4EDD-8A5E-CC5C8A6F051D}.Debug|x86.Build.0 = Debug|Any CPU
		{96BA0850-7A8F-4EDD-8A5E-CC5C8A6F051D}.Release|Any CPU.ActiveCfg = Release|Any CPU
		{96BA0850-7A8F-4EDD-8A5E-CC5C8A6F051D}.Release|Any CPU.Build.0 = Release|Any CPU
		{96BA0850-7A8F-4EDD-8A5E-CC5C8A6F051D}.Release|x64.ActiveCfg = Release|Any CPU
		{96BA0850-7A8F-4EDD-8A5E-CC5C8A6F051D}.Release|x64.Build.0 = Release|Any CPU
		{96BA0850-7A8F-4EDD-8A5E-CC5C8A6F051D}.Release|x86.ActiveCfg = Release|Any CPU
		{96BA0850-7A8F-4EDD-8A5E-CC5C8A6F051D}.Release|x86.Build.0 = Release|Any CPU
		{DD32D825-D810-49D4-9804-FC4A2587B902}.Debug|Any CPU.ActiveCfg = Debug|Any CPU
		{DD32D825-D810-49D4-9804-FC4A2587B902}.Debug|Any CPU.Build.0 = Debug|Any CPU
		{DD32D825-D810-49D4-9804-FC4A2587B902}.Debug|x64.ActiveCfg = Debug|Any CPU
		{DD32D825-D810-49D4-9804-FC4A2587B902}.Debug|x64.Build.0 = Debug|Any CPU
		{DD32D825-D810-49D4-9804-FC4A2587B902}.Debug|x86.ActiveCfg = Debug|Any CPU
		{DD32D825-D810-49D4-9804-FC4A2587B902}.Debug|x86.Build.0 = Debug|Any CPU
		{DD32D825-D810-49D4-9804-FC4A2587B902}.Release|Any CPU.ActiveCfg = Release|Any CPU
		{DD32D825-D810-49D4-9804-FC4A2587B902}.Release|Any CPU.Build.0 = Release|Any CPU
		{DD32D825-D810-49D4-9804-FC4A2587B902}.Release|x64.ActiveCfg = Release|Any CPU
		{DD32D825-D810-49D4-9804-FC4A2587B902}.Release|x64.Build.0 = Release|Any CPU
		{DD32D825-D810-49D4-9804-FC4A2587B902}.Release|x86.ActiveCfg = Release|Any CPU
		{DD32D825-D810-49D4-9804-FC4A2587B902}.Release|x86.Build.0 = Release|Any CPU
		{755D4799-0E0D-4200-B5E9-A3BCD66E66DD}.Debug|Any CPU.ActiveCfg = Debug|Any CPU
		{755D4799-0E0D-4200-B5E9-A3BCD66E66DD}.Debug|Any CPU.Build.0 = Debug|Any CPU
		{755D4799-0E0D-4200-B5E9-A3BCD66E66DD}.Debug|x64.ActiveCfg = Debug|Any CPU
		{755D4799-0E0D-4200-B5E9-A3BCD66E66DD}.Debug|x64.Build.0 = Debug|Any CPU
		{755D4799-0E0D-4200-B5E9-A3BCD66E66DD}.Debug|x86.ActiveCfg = Debug|Any CPU
		{755D4799-0E0D-4200-B5E9-A3BCD66E66DD}.Debug|x86.Build.0 = Debug|Any CPU
		{755D4799-0E0D-4200-B5E9-A3BCD66E66DD}.Release|Any CPU.ActiveCfg = Release|Any CPU
		{755D4799-0E0D-4200-B5E9-A3BCD66E66DD}.Release|Any CPU.Build.0 = Release|Any CPU
		{755D4799-0E0D-4200-B5E9-A3BCD66E66DD}.Release|x64.ActiveCfg = Release|Any CPU
		{755D4799-0E0D-4200-B5E9-A3BCD66E66DD}.Release|x64.Build.0 = Release|Any CPU
		{755D4799-0E0D-4200-B5E9-A3BCD66E66DD}.Release|x86.ActiveCfg = Release|Any CPU
		{755D4799-0E0D-4200-B5E9-A3BCD66E66DD}.Release|x86.Build.0 = Release|Any CPU
		{6A4D251B-0382-418C-A567-B8D2484CE7C5}.Debug|Any CPU.ActiveCfg = Debug|Any CPU
		{6A4D251B-0382-418C-A567-B8D2484CE7C5}.Debug|Any CPU.Build.0 = Debug|Any CPU
		{6A4D251B-0382-418C-A567-B8D2484CE7C5}.Debug|x64.ActiveCfg = Debug|Any CPU
		{6A4D251B-0382-418C-A567-B8D2484CE7C5}.Debug|x64.Build.0 = Debug|Any CPU
		{6A4D251B-0382-418C-A567-B8D2484CE7C5}.Debug|x86.ActiveCfg = Debug|Any CPU
		{6A4D251B-0382-418C-A567-B8D2484CE7C5}.Debug|x86.Build.0 = Debug|Any CPU
		{6A4D251B-0382-418C-A567-B8D2484CE7C5}.Release|Any CPU.ActiveCfg = Release|Any CPU
		{6A4D251B-0382-418C-A567-B8D2484CE7C5}.Release|Any CPU.Build.0 = Release|Any CPU
		{6A4D251B-0382-418C-A567-B8D2484CE7C5}.Release|x64.ActiveCfg = Release|Any CPU
		{6A4D251B-0382-418C-A567-B8D2484CE7C5}.Release|x64.Build.0 = Release|Any CPU
		{6A4D251B-0382-418C-A567-B8D2484CE7C5}.Release|x86.ActiveCfg = Release|Any CPU
		{6A4D251B-0382-418C-A567-B8D2484CE7C5}.Release|x86.Build.0 = Release|Any CPU
	EndGlobalSection
	GlobalSection(SolutionProperties) = preSolution
		HideSolutionNode = FALSE
	EndGlobalSection
	GlobalSection(NestedProjects) = preSolution
		{E3010C71-6CA6-4CAD-83E2-0D51BA4F6417} = {02EA681E-C7D8-13C7-8484-4AC65E1B71E8}
		{A740E261-CF53-456C-AD0B-48071CD5DB57} = {E3010C71-6CA6-4CAD-83E2-0D51BA4F6417}
		{EBE947ED-20CC-4915-A093-2F21A6FF33FC} = {02EA681E-C7D8-13C7-8484-4AC65E1B71E8}
		{52740B6B-25C5-461D-A82E-C624B0D8D8DF} = {EBE947ED-20CC-4915-A093-2F21A6FF33FC}
		{E1387750-DA7A-4EFE-8A72-77A550DEBA18} = {02EA681E-C7D8-13C7-8484-4AC65E1B71E8}
		{84885342-A9B0-4488-B5BE-F9D81C743BF1} = {E1387750-DA7A-4EFE-8A72-77A550DEBA18}
		{69F74F19-9D6F-4E60-801C-5151622DFE96} = {E1387750-DA7A-4EFE-8A72-77A550DEBA18}
		{81E4829B-30B9-456A-A329-BCE0B8187435} = {E1387750-DA7A-4EFE-8A72-77A550DEBA18}
		{BB4D7E2D-8D5E-4AAD-9EF7-AEE00C4A0936} = {84885342-A9B0-4488-B5BE-F9D81C743BF1}
		{3C89D8CD-7057-4BDB-AA08-65963914FBAB} = {84885342-A9B0-4488-B5BE-F9D81C743BF1}
		{3C275516-966C-4C48-8C3A-6129FB41EBE9} = {69F74F19-9D6F-4E60-801C-5151622DFE96}
		{CD5E6DA6-A84F-4D40-A332-C1712DDD7504} = {81E4829B-30B9-456A-A329-BCE0B8187435}
		{6B6D932A-1CA3-4CCD-8295-42B40D1FE508} = {E9A9C8E9-0274-F9D7-7352-2F6A2CAEC9A3}
		{5C25F382-478E-46C8-B200-23D09397DAA0} = {02EA681E-C7D8-13C7-8484-4AC65E1B71E8}
		{B61BCD4B-CDC2-42A6-A0E0-BCDB8E17C89F} = {5C25F382-478E-46C8-B200-23D09397DAA0}
		{30532D61-D826-40D4-A392-CD5161BE3B31} = {5C25F382-478E-46C8-B200-23D09397DAA0}
		{38940946-98EB-42D7-BF83-D48FDC7D2073} = {5C25F382-478E-46C8-B200-23D09397DAA0}
		{96BA0850-7A8F-4EDD-8A5E-CC5C8A6F051D} = {5C25F382-478E-46C8-B200-23D09397DAA0}
		{DD32D825-D810-49D4-9804-FC4A2587B902} = {5C25F382-478E-46C8-B200-23D09397DAA0}
		{E963F7BA-6F51-455C-B325-A4759EA42C2F} = {02EA681E-C7D8-13C7-8484-4AC65E1B71E8}
		{755D4799-0E0D-4200-B5E9-A3BCD66E66DD} = {E963F7BA-6F51-455C-B325-A4759EA42C2F}
		{6A4D251B-0382-418C-A567-B8D2484CE7C5} = {4F4E258A-0EE3-4142-832A-A473CA3356B1}
	EndGlobalSection
	GlobalSection(ExtensibilityGlobals) = postSolution
		SolutionGuid = {83E679D1-6586-442B-B995-31DFD5EBD114}
	EndGlobalSection
EndGlobal
