
Microsoft Visual Studio Solution File, Format Version 12.00
# Visual Studio Version 17
VisualStudioVersion = 17.14.37411.7
MinimumVisualStudioVersion = 10.0.40219.1
Project("{2150E333-8FDC-42A3-9474-1A3956D46DE8}") = "Services", "Services", "{02EA681E-C7D8-13C7-8484-4AC65E1B71E8}"
EndProject
Project("{2150E333-8FDC-42A3-9474-1A3956D46DE8}") = "Catalog", "Catalog", "{E3010C71-6CA6-4CAD-83E2-0D51BA4F6417}"
EndProject
Project("{FAE04EC0-301F-11D3-BF4B-00C04F79EFBC}") = "MultiShop.Catalog", "Services\Catalog\MultiShop.Catalog\MultiShop.Catalog.csproj", "{A740E261-CF53-456C-AD0B-48071CD5DB57}"
EndProject
Project("{2150E333-8FDC-42A3-9474-1A3956D46DE8}") = "Discount", "Discount", "{EBE947ED-20CC-4915-A093-2F21A6FF33FC}"
EndProject
Project("{FAE04EC0-301F-11D3-BF4B-00C04F79EFBC}") = "MultiShop.Discount", "Services\Discount\MultiShop.Discount\MultiShop.Discount.csproj", "{52740B6B-25C5-461D-A82E-C624B0D8D8DF}"
EndProject
Project("{2150E333-8FDC-42A3-9474-1A3956D46DE8}") = "Order", "Order", "{E1387750-DA7A-4EFE-8A72-77A550DEBA18}"
EndProject
Project("{2150E333-8FDC-42A3-9474-1A3956D46DE8}") = "Core", "Core", "{84885342-A9B0-4488-B5BE-F9D81C743BF1}"
EndProject
Project("{2150E333-8FDC-42A3-9474-1A3956D46DE8}") = "Infrastructure", "Infrastructure", "{69F74F19-9D6F-4E60-801C-5151622DFE96}"
EndProject
Project("{2150E333-8FDC-42A3-9474-1A3956D46DE8}") = "Presention", "Presention", "{81E4829B-30B9-456A-A329-BCE0B8187435}"
EndProject
Project("{FAE04EC0-301F-11D3-BF4B-00C04F79EFBC}") = "MultiShop.Order.Domain", "Services\Order\Core\MultiShop.Order.Domain\MultiShop.Order.Domain.csproj", "{BB4D7E2D-8D5E-4AAD-9EF7-AEE00C4A0936}"
EndProject
Project("{FAE04EC0-301F-11D3-BF4B-00C04F79EFBC}") = "MultiShop.Order.Application", "Services\Order\Core\MultiShop.Order.Application\MultiShop.Order.Application.csproj", "{3C89D8CD-7057-4BDB-AA08-65963914FBAB}"
EndProject
Project("{FAE04EC0-301F-11D3-BF4B-00C04F79EFBC}") = "MultiShop.Order.Infrastructure", "Services\Order\Core\MultiShop.Order.Infrastructure\MultiShop.Order.Infrastructure.csproj", "{3C275516-966C-4C48-8C3A-6129FB41EBE9}"
EndProject
Project("{FAE04EC0-301F-11D3-BF4B-00C04F79EFBC}") = "MultiShop.Order.Presention", "Services\Order\Presention\MultiShop.Order.Presention\MultiShop.Order.Presention.csproj", "{CD5E6DA6-A84F-4D40-A332-C1712DDD7504}"
EndProject
Global
	GlobalSection(SolutionConfigurationPlatforms) = preSolution
		Debug|Any CPU = Debug|Any CPU
		Release|Any CPU = Release|Any CPU
	EndGlobalSection
	GlobalSection(ProjectConfigurationPlatforms) = postSolution
		{A740E261-CF53-456C-AD0B-48071CD5DB57}.Debug|Any CPU.ActiveCfg = Debug|Any CPU
		{A740E261-CF53-456C-AD0B-48071CD5DB57}.Debug|Any CPU.Build.0 = Debug|Any CPU
		{A740E261-CF53-456C-AD0B-48071CD5DB57}.Release|Any CPU.ActiveCfg = Release|Any CPU
		{A740E261-CF53-456C-AD0B-48071CD5DB57}.Release|Any CPU.Build.0 = Release|Any CPU
		{52740B6B-25C5-461D-A82E-C624B0D8D8DF}.Debug|Any CPU.ActiveCfg = Debug|Any CPU
		{52740B6B-25C5-461D-A82E-C624B0D8D8DF}.Debug|Any CPU.Build.0 = Debug|Any CPU
		{52740B6B-25C5-461D-A82E-C624B0D8D8DF}.Release|Any CPU.ActiveCfg = Release|Any CPU
		{52740B6B-25C5-461D-A82E-C624B0D8D8DF}.Release|Any CPU.Build.0 = Release|Any CPU
		{BB4D7E2D-8D5E-4AAD-9EF7-AEE00C4A0936}.Debug|Any CPU.ActiveCfg = Debug|Any CPU
		{BB4D7E2D-8D5E-4AAD-9EF7-AEE00C4A0936}.Debug|Any CPU.Build.0 = Debug|Any CPU
		{BB4D7E2D-8D5E-4AAD-9EF7-AEE00C4A0936}.Release|Any CPU.ActiveCfg = Release|Any CPU
		{BB4D7E2D-8D5E-4AAD-9EF7-AEE00C4A0936}.Release|Any CPU.Build.0 = Release|Any CPU
		{3C89D8CD-7057-4BDB-AA08-65963914FBAB}.Debug|Any CPU.ActiveCfg = Debug|Any CPU
		{3C89D8CD-7057-4BDB-AA08-65963914FBAB}.Debug|Any CPU.Build.0 = Debug|Any CPU
		{3C89D8CD-7057-4BDB-AA08-65963914FBAB}.Release|Any CPU.ActiveCfg = Release|Any CPU
		{3C89D8CD-7057-4BDB-AA08-65963914FBAB}.Release|Any CPU.Build.0 = Release|Any CPU
		{3C275516-966C-4C48-8C3A-6129FB41EBE9}.Debug|Any CPU.ActiveCfg = Debug|Any CPU
		{3C275516-966C-4C48-8C3A-6129FB41EBE9}.Debug|Any CPU.Build.0 = Debug|Any CPU
		{3C275516-966C-4C48-8C3A-6129FB41EBE9}.Release|Any CPU.ActiveCfg = Release|Any CPU
		{3C275516-966C-4C48-8C3A-6129FB41EBE9}.Release|Any CPU.Build.0 = Release|Any CPU
		{CD5E6DA6-A84F-4D40-A332-C1712DDD7504}.Debug|Any CPU.ActiveCfg = Debug|Any CPU
		{CD5E6DA6-A84F-4D40-A332-C1712DDD7504}.Debug|Any CPU.Build.0 = Debug|Any CPU
		{CD5E6DA6-A84F-4D40-A332-C1712DDD7504}.Release|Any CPU.ActiveCfg = Release|Any CPU
		{CD5E6DA6-A84F-4D40-A332-C1712DDD7504}.Release|Any CPU.Build.0 = Release|Any CPU
	EndGlobalSection
	GlobalSection(SolutionProperties) = preSolution
		HideSolutionNode = FALSE
	EndGlobalSection
	GlobalSection(NestedProjects) = preSolution
		{E3010C71-6CA6-4CAD-83E2-0D51BA4F6417} = {02EA681E-C7D8-13C7-8484-4AC65E1B71E8}
		{A740E261-CF53-456C-AD0B-48071CD5DB57} = {E3010C71-6CA6-4CAD-83E2-0D51BA4F6417}
		{EBE947ED-20CC-4915-A093-2F21A6FF33FC} = {02EA681E-C7D8-13C7-8484-4AC65E1B71E8}
		{52740B6B-25C5-461D-A82E-C624B0D8D8DF} = {EBE947ED-20CC-4915-A093-2F21A6FF33FC}
		{E1387750-DA7A-4EFE-8A72-77A550DEBA18} = {02EA681E-C7D8-13C7-8484-4AC65E1B71E8}
		{84885342-A9B0-4488-B5BE-F9D81C743BF1} = {E1387750-DA7A-4EFE-8A72-77A550DEBA18}
		{69F74F19-9D6F-4E60-801C-5151622DFE96} = {E1387750-DA7A-4EFE-8A72-77A550DEBA18}
		{81E4829B-30B9-456A-A329-BCE0B8187435} = {E1387750-DA7A-4EFE-8A72-77A550DEBA18}
		{BB4D7E2D-8D5E-4AAD-9EF7-AEE00C4A0936} = {84885342-A9B0-4488-B5BE-F9D81C743BF1}
		{3C89D8CD-7057-4BDB-AA08-65963914FBAB} = {84885342-A9B0-4488-B5BE-F9D81C743BF1}
		{3C275516-966C-4C48-8C3A-6129FB41EBE9} = {69F74F19-9D6F-4E60-801C-5151622DFE96}
		{CD5E6DA6-A84F-4D40-A332-C1712DDD7504} = {81E4829B-30B9-456A-A329-BCE0B8187435}
	EndGlobalSection
	GlobalSection(ExtensibilityGlobals) = postSolution
		SolutionGuid = {83E679D1-6586-442B-B995-31DFD5EBD114}
	EndGlobalSection
EndGlobal
